{
  "requires": true,
  "lockfileVersion": 1,
  "dependencies": {
    "babel-runtime": {
      "version": "5.8.38",
      "resolved": "https://registry.npmjs.org/babel-runtime/-/babel-runtime-5.8.38.tgz",
      "integrity": "sha1-HAsC62MxL18If/IEUIJ7QlydTBk=",
      "requires": {
        "core-js": "^1.0.0"
      }
    },
    "core-js": {
      "version": "1.2.7",
      "resolved": "https://registry.npmjs.org/core-js/-/core-js-1.2.7.tgz",
      "integrity": "sha1-ZSKUwUZR2yj6k70tX/KYOk8IxjY="
    },
    "marker-clusterer-plus": {
      "version": "2.1.4",
      "resolved": "https://registry.npmjs.org/marker-clusterer-plus/-/marker-clusterer-plus-2.1.4.tgz",
      "integrity": "sha1-+O/3TVmdqzt9Dj/tUmTqDnBPXWc="
    },
    "vue2-google-maps": {
      "version": "0.10.6",
      "resolved": "https://registry.npmjs.org/vue2-google-maps/-/vue2-google-maps-0.10.6.tgz",
      "integrity": "sha512-4EbUlPAKb/UL3AFykH8EfL9BNqvS0QmsEwUo/IUaOvOC4UXFdKtbHWC3TkHUIL8kvlgHVagW6aEvTQ8aGcPJrg==",
      "requires": {
        "babel-runtime": "^5.8.0",
        "marker-clusterer-plus": "^2.1.4"
      }
    }
  }
}
